
Microsoft Visual Studio Solution File, Format Version 12.00
# Visual Studio 15
VisualStudioVersion = 15.0.27703.2047
MinimumVisualStudioVersion = 10.0.40219.1
Project("{FAE04EC0-301F-11D3-BF4B-00C04F79EFBC}") = "ftpAppli", "ftpAppli\ftpAppli.csproj", "{D18C1E95-1F0E-4616-B5B2-3F4DF1658205}"
EndProject
Global
	GlobalSection(SolutionConfigurationPlatforms) = preSolution
		Debug|Any CPU = Debug|Any CPU
		Release|Any CPU = Release|Any CPU
	EndGlobalSection
	GlobalSection(ProjectConfigurationPlatforms) = postSolution
		{D18C1E95-1F0E-4616-B5B2-3F4DF1658205}.Debug|Any CPU.ActiveCfg = Debug|Any CPU
		{D18C1E95-1F0E-4616-B5B2-3F4DF1658205}.Debug|Any CPU.Build.0 = Debug|Any CPU
		{D18C1E95-1F0E-4616-B5B2-3F4DF1658205}.Release|Any CPU.ActiveCfg = Release|Any CPU
		{D18C1E95-1F0E-4616-B5B2-3F4DF1658205}.Release|Any CPU.Build.0 = Release|Any CPU
	EndGlobalSection
	GlobalSection(SolutionProperties) = preSolution
		HideSolutionNode = FALSE
	EndGlobalSection
	GlobalSection(ExtensibilityGlobals) = postSolution
		SolutionGuid = {D37F0840-53F6-4F3D-B28C-B36E20E02B41}
	EndGlobalSection
EndGlobal
